
Microsoft Visual Studio Solution File, Format Version 12.00
# Visual Studio 15
Project("{FAE04EC0-301F-11D3-BF4B-00C04F79EFBC}") = "UnityEngine.TestRunner", "UnityEngine.TestRunner.csproj", "{A710583D-D051-95E3-661D-D90258EEC7B4}"
EndProject
Project("{FAE04EC0-301F-11D3-BF4B-00C04F79EFBC}") = "Unity.Timeline", "Unity.Timeline.csproj", "{2D91253A-AA36-D49B-2A9A-34B271D1C00D}"
EndProject
Project("{FAE04EC0-301F-11D3-BF4B-00C04F79EFBC}") = "UnityEngine.UI", "UnityEngine.UI.csproj", "{753C86D7-19EC-D100-F784-5C548F1A79D2}"
EndProject
Project("{FAE04EC0-301F-11D3-BF4B-00C04F79EFBC}") = "Unity.TextMeshPro", "Unity.TextMeshPro.csproj", "{01D320D3-31EE-745F-3968-574ECE7CCC03}"
EndProject
Project("{FAE04EC0-301F-11D3-BF4B-00C04F79EFBC}") = "Assembly-CSharp", "Assembly-CSharp.csproj", "{82BDA9F8-74BF-B9F9-C59D-3B9A513AEE45}"
EndProject
Project("{FAE04EC0-301F-11D3-BF4B-00C04F79EFBC}") = "UnityEditor.TestRunner", "UnityEditor.TestRunner.csproj", "{7A4CF698-72F7-8FFF-A521-0BA1134B128A}"
EndProject
Project("{FAE04EC0-301F-11D3-BF4B-00C04F79EFBC}") = "Unity.PlasticSCM.Editor", "Unity.PlasticSCM.Editor.csproj", "{998A469F-9D8F-3B22-2A69-B1D6B5CD2543}"
EndProject
Project("{FAE04EC0-301F-11D3-BF4B-00C04F79EFBC}") = "UnityEditor.UI", "UnityEditor.UI.csproj", "{871AC0BA-6179-FCDE-E80E-5A892758D141}"
EndProject
Project("{FAE04EC0-301F-11D3-BF4B-00C04F79EFBC}") = "Unity.Services.Core.Editor", "Unity.Services.Core.Editor.csproj", "{95950697-442F-0F71-D8A4-0379DEDFFC82}"
EndProject
Project("{FAE04EC0-301F-11D3-BF4B-00C04F79EFBC}") = "Unity.Timeline.Editor", "Unity.Timeline.Editor.csproj", "{7400D776-A341-4F72-123B-96ED9957BB3F}"
EndProject
Project("{FAE04EC0-301F-11D3-BF4B-00C04F79EFBC}") = "Unity.VisualStudio.Editor", "Unity.VisualStudio.Editor.csproj", "{9464A845-01CC-9AC6-42B9-A5988EBF4789}"
EndProject
Project("{FAE04EC0-301F-11D3-BF4B-00C04F79EFBC}") = "Unity.TextMeshPro.Editor", "Unity.TextMeshPro.Editor.csproj", "{50D4ABB6-5D63-3299-7645-35FA5CAB07E5}"
EndProject
Project("{FAE04EC0-301F-11D3-BF4B-00C04F79EFBC}") = "Unity.CollabProxy.Editor", "Unity.CollabProxy.Editor.csproj", "{A254DC39-03EE-F98C-858E-6ED385B11418}"
EndProject
Project("{FAE04EC0-301F-11D3-BF4B-00C04F79EFBC}") = "Unity.Rider.Editor", "Unity.Rider.Editor.csproj", "{31A43F77-371B-872D-B07B-A2D04927D9E9}"
EndProject
Project("{FAE04EC0-301F-11D3-BF4B-00C04F79EFBC}") = "Unity.VSCode.Editor", "Unity.VSCode.Editor.csproj", "{701FF7ED-04EB-0F86-9B56-47370C97FD3A}"
EndProject
Project("{FAE04EC0-301F-11D3-BF4B-00C04F79EFBC}") = "UnityEngine.TestRunner", "UnityEngine.TestRunner.Player.csproj", "{782CBD17-04A2-43B6-6DF5-0545355DA1D1}"
EndProject
Project("{FAE04EC0-301F-11D3-BF4B-00C04F79EFBC}") = "Unity.Timeline", "Unity.Timeline.Player.csproj", "{3A7DCB10-D45C-3D8B-AC4F-F65FA281D438}"
EndProject
Project("{FAE04EC0-301F-11D3-BF4B-00C04F79EFBC}") = "UnityEngine.UI", "UnityEngine.UI.Player.csproj", "{A4C7FDF0-E75E-2728-E290-F9A4DF5FDCDD}"
EndProject
Project("{FAE04EC0-301F-11D3-BF4B-00C04F79EFBC}") = "Unity.TextMeshPro", "Unity.TextMeshPro.Player.csproj", "{92DD1897-1C3C-F81C-9B90-2FBC951BF236}"
EndProject
Project("{FAE04EC0-301F-11D3-BF4B-00C04F79EFBC}") = "Assembly-CSharp", "Assembly-CSharp.Player.csproj", "{F530B986-6868-E610-22DC-8DCC04EF8952}"
EndProject
Global
	GlobalSection(SolutionConfigurationPlatforms) = preSolution
		Debug|Any CPU = Debug|Any CPU
		Release|Any CPU = Release|Any CPU
	EndGlobalSection
	GlobalSection(ProjectConfigurationPlatforms) = postSolution
		{A710583D-D051-95E3-661D-D90258EEC7B4}.Debug|Any CPU.ActiveCfg = Debug|Any CPU
		{A710583D-D051-95E3-661D-D90258EEC7B4}.Debug|Any CPU.Build.0 = Debug|Any CPU
		{A710583D-D051-95E3-661D-D90258EEC7B4}.Release|Any CPU.ActiveCfg = Release|Any CPU
		{A710583D-D051-95E3-661D-D90258EEC7B4}.Release|Any CPU.Build.0 = Release|Any CPU
		{2D91253A-AA36-D49B-2A9A-34B271D1C00D}.Debug|Any CPU.ActiveCfg = Debug|Any CPU
		{2D91253A-AA36-D49B-2A9A-34B271D1C00D}.Debug|Any CPU.Build.0 = Debug|Any CPU
		{2D91253A-AA36-D49B-2A9A-34B271D1C00D}.Release|Any CPU.ActiveCfg = Release|Any CPU
		{2D91253A-AA36-D49B-2A9A-34B271D1C00D}.Release|Any CPU.Build.0 = Release|Any CPU
		{753C86D7-19EC-D100-F784-5C548F1A79D2}.Debug|Any CPU.ActiveCfg = Debug|Any CPU
		{753C86D7-19EC-D100-F784-5C548F1A79D2}.Debug|Any CPU.Build.0 = Debug|Any CPU
		{753C86D7-19EC-D100-F784-5C548F1A79D2}.Release|Any CPU.ActiveCfg = Release|Any CPU
		{753C86D7-19EC-D100-F784-5C548F1A79D2}.Release|Any CPU.Build.0 = Release|Any CPU
		{01D320D3-31EE-745F-3968-574ECE7CCC03}.Debug|Any CPU.ActiveCfg = Debug|Any CPU
		{01D320D3-31EE-745F-3968-574ECE7CCC03}.Debug|Any CPU.Build.0 = Debug|Any CPU
		{01D320D3-31EE-745F-3968-574ECE7CCC03}.Release|Any CPU.ActiveCfg = Release|Any CPU
		{01D320D3-31EE-745F-3968-574ECE7CCC03}.Release|Any CPU.Build.0 = Release|Any CPU
		{82BDA9F8-74BF-B9F9-C59D-3B9A513AEE45}.Debug|Any CPU.ActiveCfg = Debug|Any CPU
		{82BDA9F8-74BF-B9F9-C59D-3B9A513AEE45}.Debug|Any CPU.Build.0 = Debug|Any CPU
		{82BDA9F8-74BF-B9F9-C59D-3B9A513AEE45}.Release|Any CPU.ActiveCfg = Release|Any CPU
		{82BDA9F8-74BF-B9F9-C59D-3B9A513AEE45}.Release|Any CPU.Build.0 = Release|Any CPU
		{7A4CF698-72F7-8FFF-A521-0BA1134B128A}.Debug|Any CPU.ActiveCfg = Debug|Any CPU
		{7A4CF698-72F7-8FFF-A521-0BA1134B128A}.Debug|Any CPU.Build.0 = Debug|Any CPU
		{7A4CF698-72F7-8FFF-A521-0BA1134B128A}.Release|Any CPU.ActiveCfg = Release|Any CPU
		{7A4CF698-72F7-8FFF-A521-0BA1134B128A}.Release|Any CPU.Build.0 = Release|Any CPU
		{998A469F-9D8F-3B22-2A69-B1D6B5CD2543}.Debug|Any CPU.ActiveCfg = Debug|Any CPU
		{998A469F-9D8F-3B22-2A69-B1D6B5CD2543}.Debug|Any CPU.Build.0 = Debug|Any CPU
		{998A469F-9D8F-3B22-2A69-B1D6B5CD2543}.Release|Any CPU.ActiveCfg = Release|Any CPU
		{998A469F-9D8F-3B22-2A69-B1D6B5CD2543}.Release|Any CPU.Build.0 = Release|Any CPU
		{871AC0BA-6179-FCDE-E80E-5A892758D141}.Debug|Any CPU.ActiveCfg = Debug|Any CPU
		{871AC0BA-6179-FCDE-E80E-5A892758D141}.Debug|Any CPU.Build.0 = Debug|Any CPU
		{871AC0BA-6179-FCDE-E80E-5A892758D141}.Release|Any CPU.ActiveCfg = Release|Any CPU
		{871AC0BA-6179-FCDE-E80E-5A892758D141}.Release|Any CPU.Build.0 = Release|Any CPU
		{95950697-442F-0F71-D8A4-0379DEDFFC82}.Debug|Any CPU.ActiveCfg = Debug|Any CPU
		{95950697-442F-0F71-D8A4-0379DEDFFC82}.Debug|Any CPU.Build.0 = Debug|Any CPU
		{95950697-442F-0F71-D8A4-0379DEDFFC82}.Release|Any CPU.ActiveCfg = Release|Any CPU
		{95950697-442F-0F71-D8A4-0379DEDFFC82}.Release|Any CPU.Build.0 = Release|Any CPU
		{7400D776-A341-4F72-123B-96ED9957BB3F}.Debug|Any CPU.ActiveCfg = Debug|Any CPU
		{7400D776-A341-4F72-123B-96ED9957BB3F}.Debug|Any CPU.Build.0 = Debug|Any CPU
		{7400D776-A341-4F72-123B-96ED9957BB3F}.Release|Any CPU.ActiveCfg = Release|Any CPU
		{7400D776-A341-4F72-123B-96ED9957BB3F}.Release|Any CPU.Build.0 = Release|Any CPU
		{9464A845-01CC-9AC6-42B9-A5988EBF4789}.Debug|Any CPU.ActiveCfg = Debug|Any CPU
		{9464A845-01CC-9AC6-42B9-A5988EBF4789}.Debug|Any CPU.Build.0 = Debug|Any CPU
		{9464A845-01CC-9AC6-42B9-A5988EBF4789}.Release|Any CPU.ActiveCfg = Release|Any CPU
		{9464A845-01CC-9AC6-42B9-A5988EBF4789}.Release|Any CPU.Build.0 = Release|Any CPU
		{50D4ABB6-5D63-3299-7645-35FA5CAB07E5}.Debug|Any CPU.ActiveCfg = Debug|Any CPU
		{50D4ABB6-5D63-3299-7645-35FA5CAB07E5}.Debug|Any CPU.Build.0 = Debug|Any CPU
		{50D4ABB6-5D63-3299-7645-35FA5CAB07E5}.Release|Any CPU.ActiveCfg = Release|Any CPU
		{50D4ABB6-5D63-3299-7645-35FA5CAB07E5}.Release|Any CPU.Build.0 = Release|Any CPU
		{A254DC39-03EE-F98C-858E-6ED385B11418}.Debug|Any CPU.ActiveCfg = Debug|Any CPU
		{A254DC39-03EE-F98C-858E-6ED385B11418}.Debug|Any CPU.Build.0 = Debug|Any CPU
		{A254DC39-03EE-F98C-858E-6ED385B11418}.Release|Any CPU.ActiveCfg = Release|Any CPU
		{A254DC39-03EE-F98C-858E-6ED385B11418}.Release|Any CPU.Build.0 = Release|Any CPU
		{31A43F77-371B-872D-B07B-A2D04927D9E9}.Debug|Any CPU.ActiveCfg = Debug|Any CPU
		{31A43F77-371B-872D-B07B-A2D04927D9E9}.Debug|Any CPU.Build.0 = Debug|Any CPU
		{31A43F77-371B-872D-B07B-A2D04927D9E9}.Release|Any CPU.ActiveCfg = Release|Any CPU
		{31A43F77-371B-872D-B07B-A2D04927D9E9}.Release|Any CPU.Build.0 = Release|Any CPU
		{701FF7ED-04EB-0F86-9B56-47370C97FD3A}.Debug|Any CPU.ActiveCfg = Debug|Any CPU
		{701FF7ED-04EB-0F86-9B56-47370C97FD3A}.Debug|Any CPU.Build.0 = Debug|Any CPU
		{701FF7ED-04EB-0F86-9B56-47370C97FD3A}.Release|Any CPU.ActiveCfg = Release|Any CPU
		{701FF7ED-04EB-0F86-9B56-47370C97FD3A}.Release|Any CPU.Build.0 = Release|Any CPU
		{782CBD17-04A2-43B6-6DF5-0545355DA1D1}.Debug|Any CPU.ActiveCfg = Debug|Any CPU
		{782CBD17-04A2-43B6-6DF5-0545355DA1D1}.Debug|Any CPU.Build.0 = Debug|Any CPU
		{782CBD17-04A2-43B6-6DF5-0545355DA1D1}.Release|Any CPU.ActiveCfg = Release|Any CPU
		{782CBD17-04A2-43B6-6DF5-0545355DA1D1}.Release|Any CPU.Build.0 = Release|Any CPU
		{3A7DCB10-D45C-3D8B-AC4F-F65FA281D438}.Debug|Any CPU.ActiveCfg = Debug|Any CPU
		{3A7DCB10-D45C-3D8B-AC4F-F65FA281D438}.Debug|Any CPU.Build.0 = Debug|Any CPU
		{3A7DCB10-D45C-3D8B-AC4F-F65FA281D438}.Release|Any CPU.ActiveCfg = Release|Any CPU
		{3A7DCB10-D45C-3D8B-AC4F-F65FA281D438}.Release|Any CPU.Build.0 = Release|Any CPU
		{A4C7FDF0-E75E-2728-E290-F9A4DF5FDCDD}.Debug|Any CPU.ActiveCfg = Debug|Any CPU
		{A4C7FDF0-E75E-2728-E290-F9A4DF5FDCDD}.Debug|Any CPU.Build.0 = Debug|Any CPU
		{A4C7FDF0-E75E-2728-E290-F9A4DF5FDCDD}.Release|Any CPU.ActiveCfg = Release|Any CPU
		{A4C7FDF0-E75E-2728-E290-F9A4DF5FDCDD}.Release|Any CPU.Build.0 = Release|Any CPU
		{92DD1897-1C3C-F81C-9B90-2FBC951BF236}.Debug|Any CPU.ActiveCfg = Debug|Any CPU
		{92DD1897-1C3C-F81C-9B90-2FBC951BF236}.Debug|Any CPU.Build.0 = Debug|Any CPU
		{92DD1897-1C3C-F81C-9B90-2FBC951BF236}.Release|Any CPU.ActiveCfg = Release|Any CPU
		{92DD1897-1C3C-F81C-9B90-2FBC951BF236}.Release|Any CPU.Build.0 = Release|Any CPU
		{F530B986-6868-E610-22DC-8DCC04EF8952}.Debug|Any CPU.ActiveCfg = Debug|Any CPU
		{F530B986-6868-E610-22DC-8DCC04EF8952}.Debug|Any CPU.Build.0 = Debug|Any CPU
		{F530B986-6868-E610-22DC-8DCC04EF8952}.Release|Any CPU.ActiveCfg = Release|Any CPU
		{F530B986-6868-E610-22DC-8DCC04EF8952}.Release|Any CPU.Build.0 = Release|Any CPU
	EndGlobalSection
	GlobalSection(SolutionProperties) = preSolution
		HideSolutionNode = FALSE
	EndGlobalSection
EndGlobal
